
Microsoft Visual Studio Solution File, Format Version 12.00
# Visual Studio Version 17
VisualStudioVersion = 17.0.32112.339
MinimumVisualStudioVersion = 10.0.40219.1
Project("{FAE04EC0-301F-11D3-BF4B-00C04F79EFBC}") = "Ace Car Rental", "Ace Car Rental\Ace Car Rental.csproj", "{7154E56F-F63C-485A-B191-2B943ACBCAD2}"
EndProject
Global
	GlobalSection(SolutionConfigurationPlatforms) = preSolution
		Debug|Any CPU = Debug|Any CPU
		Release|Any CPU = Release|Any CPU
	EndGlobalSection
	GlobalSection(ProjectConfigurationPlatforms) = postSolution
		{7154E56F-F63C-485A-B191-2B943ACBCAD2}.Debug|Any CPU.ActiveCfg = Debug|Any CPU
		{7154E56F-F63C-485A-B191-2B943ACBCAD2}.Debug|Any CPU.Build.0 = Debug|Any CPU
		{7154E56F-F63C-485A-B191-2B943ACBCAD2}.Release|Any CPU.ActiveCfg = Release|Any CPU
		{7154E56F-F63C-485A-B191-2B943ACBCAD2}.Release|Any CPU.Build.0 = Release|Any CPU
	EndGlobalSection
	GlobalSection(SolutionProperties) = preSolution
		HideSolutionNode = FALSE
	EndGlobalSection
	GlobalSection(ExtensibilityGlobals) = postSolution
		SolutionGuid = {A81D91AD-8053-4625-8599-C243931B1507}
	EndGlobalSection
EndGlobal
